
Microsoft Visual Studio Solution File, Format Version 12.00
# Visual Studio 15
VisualStudioVersion = 15.0.27703.2042
MinimumVisualStudioVersion = 10.0.40219.1
Project("{FAE04EC0-301F-11D3-BF4B-00C04F79EFBC}") = "MyEvernote.WebApp", "MyEvernote.WebApp\MyEvernote.WebApp.csproj", "{4845399E-C904-4742-8A38-CE473253D1D4}"
EndProject
Global
	GlobalSection(SolutionConfigurationPlatforms) = preSolution
		Debug|Any CPU = Debug|Any CPU
		Release|Any CPU = Release|Any CPU
	EndGlobalSection
	GlobalSection(ProjectConfigurationPlatforms) = postSolution
		{4845399E-C904-4742-8A38-CE473253D1D4}.Debug|Any CPU.ActiveCfg = Debug|Any CPU
		{4845399E-C904-4742-8A38-CE473253D1D4}.Debug|Any CPU.Build.0 = Debug|Any CPU
		{4845399E-C904-4742-8A38-CE473253D1D4}.Release|Any CPU.ActiveCfg = Release|Any CPU
		{4845399E-C904-4742-8A38-CE473253D1D4}.Release|Any CPU.Build.0 = Release|Any CPU
	EndGlobalSection
	GlobalSection(SolutionProperties) = preSolution
		HideSolutionNode = FALSE
	EndGlobalSection
	GlobalSection(ExtensibilityGlobals) = postSolution
		SolutionGuid = {30259C91-1495-44A9-B145-500B74EAF2D6}
	EndGlobalSection
EndGlobal
